
Microsoft Visual Studio Solution File, Format Version 12.00
# Visual Studio Version 16
VisualStudioVersion = 16.0.30204.135
MinimumVisualStudioVersion = 10.0.40219.1
Project("{FAE04EC0-301F-11D3-BF4B-00C04F79EFBC}") = "Restful_Lopputehtava_LauriLeskinen", "Restful_Lopputehtava_LauriLeskinen.csproj", "{47B14A20-4679-4724-B228-BD246A1DA016}"
EndProject
Global
	GlobalSection(SolutionConfigurationPlatforms) = preSolution
		Debug|Any CPU = Debug|Any CPU
		Release|Any CPU = Release|Any CPU
	EndGlobalSection
	GlobalSection(ProjectConfigurationPlatforms) = postSolution
		{47B14A20-4679-4724-B228-BD246A1DA016}.Debug|Any CPU.ActiveCfg = Debug|Any CPU
		{47B14A20-4679-4724-B228-BD246A1DA016}.Debug|Any CPU.Build.0 = Debug|Any CPU
		{47B14A20-4679-4724-B228-BD246A1DA016}.Release|Any CPU.ActiveCfg = Release|Any CPU
		{47B14A20-4679-4724-B228-BD246A1DA016}.Release|Any CPU.Build.0 = Release|Any CPU
	EndGlobalSection
	GlobalSection(SolutionProperties) = preSolution
		HideSolutionNode = FALSE
	EndGlobalSection
	GlobalSection(ExtensibilityGlobals) = postSolution
		SolutionGuid = {EB122709-4B0E-4093-880A-857B1D1226A9}
	EndGlobalSection
EndGlobal
